// !$*UTF8*$!
{
	archiveVersion = 1;
	classes = {
	};
	objectVersion = 56;
	objects = {

/* Begin PBXBuildFile section */
		0458C1DB2950E86D00436680 /* AppDelegate.swift in Sources */ = {isa = PBXBuildFile; fileRef = 0458C1DA2950E86D00436680 /* AppDelegate.swift */; };
		0458C1DD2950E86D00436680 /* SceneDelegate.swift in Sources */ = {isa = PBXBuildFile; fileRef = 0458C1DC2950E86D00436680 /* SceneDelegate.swift */; };
		0458C1DF2950E86D00436680 /* ViewController.swift in Sources */ = {isa = PBXBuildFile; fileRef = 0458C1DE2950E86D00436680 /* ViewController.swift */; };
		0458C1E22950E86D00436680 /* Main.storyboard in Resources */ = {isa = PBXBuildFile; fileRef = 0458C1E02950E86D00436680 /* Main.storyboard */; };
		0458C1E42950E86E00436680 /* Assets.xcassets in Resources */ = {isa = PBXBuildFile; fileRef = 0458C1E32950E86E00436680 /* Assets.xcassets */; };
		0458C1E72950E86E00436680 /* LaunchScreen.storyboard in Resources */ = {isa = PBXBuildFile; fileRef = 0458C1E52950E86E00436680 /* LaunchScreen.storyboard */; };
		0458C1F02950E89D00436680 /* CellCollectionViewCell.swift in Sources */ = {isa = PBXBuildFile; fileRef = 0458C1EF2950E89D00436680 /* CellCollectionViewCell.swift */; };
		0458C1F22950E8D400436680 /* FirstViewController.swift in Sources */ = {isa = PBXBuildFile; fileRef = 0458C1F12950E8D400436680 /* FirstViewController.swift */; };
		04DF904129539314000BD710 /* SecondViewController.swift in Sources */ = {isa = PBXBuildFile; fileRef = 04DF904029539314000BD710 /* SecondViewController.swift */; };
		04DF90432953938A000BD710 /* TabBarViewController.swift in Sources */ = {isa = PBXBuildFile; fileRef = 04DF90422953938A000BD710 /* TabBarViewController.swift */; };
/* End PBXBuildFile section */

/* Begin PBXFileReference section */
		0458C1D72950E86D00436680 /* vazifa 19.12.app */ = {isa = PBXFileReference; explicitFileType = wrapper.application; includeInIndex = 0; path = "vazifa 19.12.app"; sourceTree = BUILT_PRODUCTS_DIR; };
		0458C1DA2950E86D00436680 /* AppDelegate.swift */ = {isa = PBXFileReference; lastKnownFileType = sourcecode.swift; path = AppDelegate.swift; sourceTree = "<group>"; };
		0458C1DC2950E86D00436680 /* SceneDelegate.swift */ = {isa = PBXFileReference; lastKnownFileType = sourcecode.swift; path = SceneDelegate.swift; sourceTree = "<group>"; };
		0458C1DE2950E86D00436680 /* ViewController.swift */ = {isa = PBXFileReference; lastKnownFileType = sourcecode.swift; path = ViewController.swift; sourceTree = "<group>"; };
		0458C1E12950E86D00436680 /* Base */ = {isa = PBXFileReference; lastKnownFileType = file.storyboard; name = Base; path = Base.lproj/Main.storyboard; sourceTree = "<group>"; };
		0458C1E32950E86E00436680 /* Assets.xcassets */ = {isa = PBXFileReference; lastKnownFileType = folder.assetcatalog; path = Assets.xcassets; sourceTree = "<group>"; };
		0458C1E62950E86E00436680 /* Base */ = {isa = PBXFileReference; lastKnownFileType = file.storyboard; name = Base; path = Base.lproj/LaunchScreen.storyboard; sourceTree = "<group>"; };
		0458C1E82950E86E00436680 /* Info.plist */ = {isa = PBXFileReference; lastKnownFileType = text.plist.xml; path = Info.plist; sourceTree = "<group>"; };
		0458C1EF2950E89D00436680 /* CellCollectionViewCell.swift */ = {isa = PBXFileReference; lastKnownFileType = sourcecode.swift; path = CellCollectionViewCell.swift; sourceTree = "<group>"; };
		0458C1F12950E8D400436680 /* FirstViewController.swift */ = {isa = PBXFileReference; lastKnownFileType = sourcecode.swift; path = FirstViewController.swift; sourceTree = "<group>"; };
		04DF904029539314000BD710 /* SecondViewController.swift */ = {isa = PBXFileReference; lastKnownFileType = sourcecode.swift; path = SecondViewController.swift; sourceTree = "<group>"; };
		04DF90422953938A000BD710 /* TabBarViewController.swift */ = {isa = PBXFileReference; lastKnownFileType = sourcecode.swift; path = TabBarViewController.swift; sourceTree = "<group>"; };
/* End PBXFileReference section */

/* Begin PBXFrameworksBuildPhase section */
		0458C1D42950E86D00436680 /* Frameworks */ = {
			isa = PBXFrameworksBuildPhase;
			buildActionMask = 2147483647;
			files = (
			);
			runOnlyForDeploymentPostprocessing = 0;
		};
/* End PBXFrameworksBuildPhase section */

/* Begin PBXGroup section */
		0458C1CE2950E86D00436680 = {
			isa = PBXGroup;
			children = (
				0458C1D92950E86D00436680 /* vazifa 19.12 */,
				0458C1D82950E86D00436680 /* Products */,
			);
			sourceTree = "<group>";
		};
		0458C1D82950E86D00436680 /* Products */ = {
			isa = PBXGroup;
			children = (
				0458C1D72950E86D00436680 /* vazifa 19.12.app */,
			);
			name = Products;
			sourceTree = "<group>";
		};
		0458C1D92950E86D00436680 /* vazifa 19.12 */ = {
			isa = PBXGroup;
			children = (
				0458C1EE2950E88000436680 /* code */,
				0458C1DA2950E86D00436680 /* AppDelegate.swift */,
				0458C1DC2950E86D00436680 /* SceneDelegate.swift */,
				0458C1DE2950E86D00436680 /* ViewController.swift */,
				0458C1E02950E86D00436680 /* Main.storyboard */,
				0458C1E32950E86E00436680 /* Assets.xcassets */,
				0458C1E52950E86E00436680 /* LaunchScreen.storyboard */,
				0458C1E82950E86E00436680 /* Info.plist */,
			);
			path = "vazifa 19.12";
			sourceTree = "<group>";
		};
		0458C1EE2950E88000436680 /* code */ = {
			isa = PBXGroup;
			children = (
				0458C1EF2950E89D00436680 /* CellCollectionViewCell.swift */,
				0458C1F12950E8D400436680 /* FirstViewController.swift */,
				04DF904029539314000BD710 /* SecondViewController.swift */,
				04DF90422953938A000BD710 /* TabBarViewController.swift */,
			);
			path = code;
			sourceTree = "<group>";
		};
/* End PBXGroup section */

/* Begin PBXNativeTarget section */
		0458C1D62950E86D00436680 /* vazifa 19.12 */ = {
			isa = PBXNativeTarget;
			buildConfigurationList = 0458C1EB2950E86E00436680 /* Build configuration list for PBXNativeTarget "vazifa 19.12" */;
			buildPhases = (
				0458C1D32950E86D00436680 /* Sources */,
				0458C1D42950E86D00436680 /* Frameworks */,
				0458C1D52950E86D00436680 /* Resources */,
			);
			buildRules = (
			);
			dependencies = (
			);
			name = "vazifa 19.12";
			productName = "vazifa 19.12";
			productReference = 0458C1D72950E86D00436680 /* vazifa 19.12.app */;
			productType = "com.apple.product-type.application";
		};
/* End PBXNativeTarget section */

/* Begin PBXProject section */
		0458C1CF2950E86D00436680 /* Project object */ = {
			isa = PBXProject;
			attributes = {
				BuildIndependentTargetsInParallel = 1;
				LastSwiftUpdateCheck = 1410;
				LastUpgradeCheck = 1410;
				TargetAttributes = {
					0458C1D62950E86D00436680 = {
						CreatedOnToolsVersion = 14.1;
					};
				};
			};
			buildConfigurationList = 0458C1D22950E86D00436680 /* Build configuration list for PBXProject "vazifa 19.12" */;
			compatibilityVersion = "Xcode 14.0";
			developmentRegion = en;
			hasScannedForEncodings = 0;
			knownRegions = (
				en,
				Base,
			);
			mainGroup = 0458C1CE2950E86D00436680;
			productRefGroup = 0458C1D82950E86D00436680 /* Products */;
			projectDirPath = "";
			projectRoot = "";
			targets = (
				0458C1D62950E86D00436680 /* vazifa 19.12 */,
			);
		};
/* End PBXProject section */

/* Begin PBXResourcesBuildPhase section */
		0458C1D52950E86D00436680 /* Resources */ = {
			isa = PBXResourcesBuildPhase;
			buildActionMask = 2147483647;
			files = (
				0458C1E72950E86E00436680 /* LaunchScreen.storyboard in Resources */,
				0458C1E42950E86E00436680 /* Assets.xcassets in Resources */,
				0458C1E22950E86D00436680 /* Main.storyboard in Resources */,
			);
			runOnlyForDeploymentPostprocessing = 0;
		};
/* End PBXResourcesBuildPhase section */

/* Begin PBXSourcesBuildPhase section */
		0458C1D32950E86D00436680 /* Sources */ = {
			isa = PBXSourcesBuildPhase;
			buildActionMask = 2147483647;
			files = (
				04DF904129539314000BD710 /* SecondViewController.swift in Sources */,
				0458C1F22950E8D400436680 /* FirstViewController.swift in Sources */,
				0458C1DF2950E86D00436680 /* ViewController.swift in Sources */,
				0458C1DB2950E86D00436680 /* AppDelegate.swift in Sources */,
				04DF90432953938A000BD710 /* TabBarViewController.swift in Sources */,
				0458C1F02950E89D00436680 /* CellCollectionViewCell.swift in Sources */,
				0458C1DD2950E86D00436680 /* SceneDelegate.swift in Sources */,
			);
			runOnlyForDeploymentPostprocessing = 0;
		};
/* End PBXSourcesBuildPhase section */

/* Begin PBXVariantGroup section */
		0458C1E02950E86D00436680 /* Main.storyboard */ = {
			isa = PBXVariantGroup;
			children = (
				0458C1E12950E86D00436680 /* Base */,
			);
			name = Main.storyboard;
			sourceTree = "<group>";
		};
		0458C1E52950E86E00436680 /* LaunchScreen.storyboard */ = {
			isa = PBXVariantGroup;
			children = (
				0458C1E62950E86E00436680 /* Base */,
			);
			name = LaunchScreen.storyboard;
			sourceTree = "<group>";
		};
/* End PBXVariantGroup section */

/* Begin XCBuildConfiguration section */
		0458C1E92950E86E00436680 /* Debug */ = {
			isa = XCBuildConfiguration;
			buildSettings = {
				ALWAYS_SEARCH_USER_PATHS = NO;
				CLANG_ANALYZER_NONNULL = YES;
				CLANG_ANALYZER_NUMBER_OBJECT_CONVERSION = YES_AGGRESSIVE;
				CLANG_CXX_LANGUAGE_STANDARD = "gnu++20";
				CLANG_ENABLE_MODULES = YES;
				CLANG_ENABLE_OBJC_ARC = YES;
				CLANG_ENABLE_OBJC_WEAK = YES;
				CLANG_WARN_BLOCK_CAPTURE_AUTORELEASING = YES;
				CLANG_WARN_BOOL_CONVERSION = YES;
				CLANG_WARN_COMMA = YES;
				CLANG_WARN_CONSTANT_CONVERSION = YES;
				CLANG_WARN_DEPRECATED_OBJC_IMPLEMENTATIONS = YES;
				CLANG_WARN_DIRECT_OBJC_ISA_USAGE = YES_ERROR;
				CLANG_WARN_DOCUMENTATION_COMMENTS = YES;
				CLANG_WARN_EMPTY_BODY = YES;
				CLANG_WARN_ENUM_CONVERSION = YES;
				CLANG_WARN_INFINITE_RECURSION = YES;
				CLANG_WARN_INT_CONVERSION = YES;
				CLANG_WARN_NON_LITERAL_NULL_CONVERSION = YES;
				CLANG_WARN_OBJC_IMPLICIT_RETAIN_SELF = YES;
				CLANG_WARN_OBJC_LITERAL_CONVERSION = YES;
				CLANG_WARN_OBJC_ROOT_CLASS = YES_ERROR;
				CLANG_WARN_QUOTED_INCLUDE_IN_FRAMEWORK_HEADER = YES;
				CLANG_WARN_RANGE_LOOP_ANALYSIS = YES;
				CLANG_WARN_STRICT_PROTOTYPES = YES;
				CLANG_WARN_SUSPICIOUS_MOVE = YES;
				CLANG_WARN_UNGUARDED_AVAILABILITY = YES_AGGRESSIVE;
				CLANG_WARN_UNREACHABLE_CODE = YES;
				CLANG_WARN__DUPLICATE_METHOD_MATCH = YES;
				COPY_PHASE_STRIP = NO;
				DEBUG_INFORMATION_FORMAT = dwarf;
				ENABLE_STRICT_OBJC_MSGSEND = YES;
				ENABLE_TESTABILITY = YES;
				GCC_C_LANGUAGE_STANDARD = gnu11;
				GCC_DYNAMIC_NO_PIC = NO;
				GCC_NO_COMMON_BLOCKS = YES;
				GCC_OPTIMIZATION_LEVEL = 0;
				GCC_PREPROCESSOR_DEFINITIONS = (
					"DEBUG=1",
					"$(inherited)",
				);
				GCC_WARN_64_TO_32_BIT_CONVERSION = YES;
				GCC_WARN_ABOUT_RETURN_TYPE = YES_ERROR;
				GCC_WARN_UNDECLARED_SELECTOR = YES;
				GCC_WARN_UNINITIALIZED_AUTOS = YES_AGGRESSIVE;
				GCC_WARN_UNUSED_FUNCTION = YES;
				GCC_WARN_UNUSED_VARIABLE = YES;
				IPHONEOS_DEPLOYMENT_TARGET = 16.1;
				MTL_ENABLE_DEBUG_INFO = INCLUDE_SOURCE;
				MTL_FAST_MATH = YES;
				ONLY_ACTIVE_ARCH = YES;
				SDKROOT = iphoneos;
				SWIFT_ACTIVE_COMPILATION_CONDITIONS = DEBUG;
				SWIFT_OPTIMIZATION_LEVEL = "-Onone";
			};
			name = Debug;
		};
		0458C1EA2950E86E00436680 /* Release */ = {
			isa = XCBuildConfiguration;
			buildSettings = {
				ALWAYS_SEARCH_USER_PATHS = NO;
				CLANG_ANALYZER_NONNULL = YES;
				CLANG_ANALYZER_NUMBER_OBJECT_CONVERSION = YES_AGGRESSIVE;
				CLANG_CXX_LANGUAGE_STANDARD = "gnu++20";
				CLANG_ENABLE_MODULES = YES;
				CLANG_ENABLE_OBJC_ARC = YES;
				CLANG_ENABLE_OBJC_WEAK = YES;
				CLANG_WARN_BLOCK_CAPTURE_AUTORELEASING = YES;
				CLANG_WARN_BOOL_CONVERSION = YES;
				CLANG_WARN_COMMA = YES;
				CLANG_WARN_CONSTANT_CONVERSION = YES;
				CLANG_WARN_DEPRECATED_OBJC_IMPLEMENTATIONS = YES;
				CLANG_WARN_DIRECT_OBJC_ISA_USAGE = YES_ERROR;
				CLANG_WARN_DOCUMENTATION_COMMENTS = YES;
				CLANG_WARN_EMPTY_BODY = YES;
				CLANG_WARN_ENUM_CONVERSION = YES;
				CLANG_WARN_INFINITE_RECURSION = YES;
				CLANG_WARN_INT_CONVERSION = YES;
				CLANG_WARN_NON_LITERAL_NULL_CONVERSION = YES;
				CLANG_WARN_OBJC_IMPLICIT_RETAIN_SELF = YES;
				CLANG_WARN_OBJC_LITERAL_CONVERSION = YES;
				CLANG_WARN_OBJC_ROOT_CLASS = YES_ERROR;
				CLANG_WARN_QUOTED_INCLUDE_IN_FRAMEWORK_HEADER = YES;
				CLANG_WARN_RANGE_LOOP_ANALYSIS = YES;
				CLANG_WARN_STRICT_PROTOTYPES = YES;
				CLANG_WARN_SUSPICIOUS_MOVE = YES;
				CLANG_WARN_UNGUARDED_AVAILABILITY = YES_AGGRESSIVE;
				CLANG_WARN_UNREACHABLE_CODE = YES;
				CLANG_WARN__DUPLICATE_METHOD_MATCH = YES;
				COPY_PHASE_STRIP = NO;
				DEBUG_INFORMATION_FORMAT = "dwarf-with-dsym";
				ENABLE_NS_ASSERTIONS = NO;
				ENABLE_STRICT_OBJC_MSGSEND = YES;
				GCC_C_LANGUAGE_STANDARD = gnu11;
				GCC_NO_COMMON_BLOCKS = YES;
				GCC_WARN_64_TO_32_BIT_CONVERSION = YES;
				GCC_WARN_ABOUT_RETURN_TYPE = YES_ERROR;
				GCC_WARN_UNDECLARED_SELECTOR = YES;
				GCC_WARN_UNINITIALIZED_AUTOS = YES_AGGRESSIVE;
				GCC_WARN_UNUSED_FUNCTION = YES;
				GCC_WARN_UNUSED_VARIABLE = YES;
				IPHONEOS_DEPLOYMENT_TARGET = 16.1;
				MTL_ENABLE_DEBUG_INFO = NO;
				MTL_FAST_MATH = YES;
				SDKROOT = iphoneos;
				SWIFT_COMPILATION_MODE = wholemodule;
				SWIFT_OPTIMIZATION_LEVEL = "-O";
				VALIDATE_PRODUCT = YES;
			};
			name = Release;
		};
		0458C1EC2950E86E00436680 /* Debug */ = {
			isa = XCBuildConfiguration;
			buildSettings = {
				ASSETCATALOG_COMPILER_APPICON_NAME = AppIcon;
				ASSETCATALOG_COMPILER_GLOBAL_ACCENT_COLOR_NAME = AccentColor;
				CODE_SIGN_STYLE = Automatic;
				CURRENT_PROJECT_VERSION = 1;
				DEVELOPMENT_TEAM = 8D8Y4CXLPD;
				GENERATE_INFOPLIST_FILE = YES;
				INFOPLIST_FILE = "vazifa 19.12/Info.plist";
				INFOPLIST_KEY_UIApplicationSupportsIndirectInputEvents = YES;
				INFOPLIST_KEY_UILaunchStoryboardName = LaunchScreen;
				INFOPLIST_KEY_UIMainStoryboardFile = Main;
				INFOPLIST_KEY_UISupportedInterfaceOrientations_iPad = "UIInterfaceOrientationPortrait UIInterfaceOrientationPortraitUpsideDown UIInterfaceOrientationLandscapeLeft UIInterfaceOrientationLandscapeRight";
				INFOPLIST_KEY_UISupportedInterfaceOrientations_iPhone = "UIInterfaceOrientationPortrait UIInterfaceOrientationLandscapeLeft UIInterfaceOrientationLandscapeRight";
				LD_RUNPATH_SEARCH_PATHS = (
					"$(inherited)",
					"@executable_path/Frameworks",
				);
				MARKETING_VERSION = 1.0;
				PRODUCT_BUNDLE_IDENTIFIER = "Muminov.vazifa-19-12";
				PRODUCT_NAME = "$(TARGET_NAME)";
				SWIFT_EMIT_LOC_STRINGS = YES;
				SWIFT_VERSION = 5.0;
				TARGETED_DEVICE_FAMILY = "1,2";
			};
			name = Debug;
		};
		0458C1ED2950E86E00436680 /* Release */ = {
			isa = XCBuildConfiguration;
			buildSettings = {
				ASSETCATALOG_COMPILER_APPICON_NAME = AppIcon;
				ASSETCATALOG_COMPILER_GLOBAL_ACCENT_COLOR_NAME = AccentColor;
				CODE_SIGN_STYLE = Automatic;
				CURRENT_PROJECT_VERSION = 1;
				DEVELOPMENT_TEAM = 8D8Y4CXLPD;
				GENERATE_INFOPLIST_FILE = YES;
				INFOPLIST_FILE = "vazifa 19.12/Info.plist";
				INFOPLIST_KEY_UIApplicationSupportsIndirectInputEvents = YES;
				INFOPLIST_KEY_UILaunchStoryboardName = LaunchScreen;
				INFOPLIST_KEY_UIMainStoryboardFile = Main;
				INFOPLIST_KEY_UISupportedInterfaceOrientations_iPad = "UIInterfaceOrientationPortrait UIInterfaceOrientationPortraitUpsideDown UIInterfaceOrientationLandscapeLeft UIInterfaceOrientationLandscapeRight";
				INFOPLIST_KEY_UISupportedInterfaceOrientations_iPhone = "UIInterfaceOrientationPortrait UIInterfaceOrientationLandscapeLeft UIInterfaceOrientationLandscapeRight";
				LD_RUNPATH_SEARCH_PATHS = (
					"$(inherited)",
					"@executable_path/Frameworks",
				);
				MARKETING_VERSION = 1.0;
				PRODUCT_BUNDLE_IDENTIFIER = "Muminov.vazifa-19-12";
				PRODUCT_NAME = "$(TARGET_NAME)";
				SWIFT_EMIT_LOC_STRINGS = YES;
				SWIFT_VERSION = 5.0;
				TARGETED_DEVICE_FAMILY = "1,2";
			};
			name = Release;
		};
/* End XCBuildConfiguration section */

/* Begin XCConfigurationList section */
		0458C1D22950E86D00436680 /* Build configuration list for PBXProject "vazifa 19.12" */ = {
			isa = XCConfigurationList;
			buildConfigurations = (
				0458C1E92950E86E00436680 /* Debug */,
				0458C1EA2950E86E00436680 /* Release */,
			);
			defaultConfigurationIsVisible = 0;
			defaultConfigurationName = Release;
		};
		0458C1EB2950E86E00436680 /* Build configuration list for PBXNativeTarget "vazifa 19.12" */ = {
			isa = XCConfigurationList;
			buildConfigurations = (
				0458C1EC2950E86E00436680 /* Debug */,
				0458C1ED2950E86E00436680 /* Release */,
			);
			defaultConfigurationIsVisible = 0;
			defaultConfigurationName = Release;
		};
/* End XCConfigurationList section */
	};
	rootObject = 0458C1CF2950E86D00436680 /* Project object */;
}
